{
  "nodes": {
    "arcaea-ptt-data": {
      "flake": false,
      "locked": {
        "lastModified": 1753357578,
        "narHash": "sha256-fVwzW0CHBgGqAIEmGndBnBBmR8gJp6wOZLf7f/tWTjE=",
        "owner": "OllyDoge",
        "repo": "ASCPSongConstant",
        "rev": "014ccb499ef80775fd0e72b78467a073b3be0763",
        "type": "github"
      },
      "original": {
        "owner": "OllyDoge",
        "repo": "ASCPSongConstant",
        "type": "github"
      }
    },
    "flake-utils": {
      "inputs": {
        "systems": "systems"
      },
      "locked": {
        "lastModified": 1710146030,
        "narHash": "sha256-SZ5L6eA7HJ/nmkzGG7/ISclqe6oZdOZTNoesiInkXPQ=",
        "owner": "numtide",
        "repo": "flake-utils",
        "rev": "b1d9ab70662946ef0850d488da1c9019f3a9752a",
        "type": "github"
      },
      "original": {
        "owner": "numtide",
        "repo": "flake-utils",
        "type": "github"
      }
    },
    "glass-maps": {
      "flake": false,
      "locked": {
        "lastModified": 1741612482,
        "narHash": "sha256-Izs5Q8gnjt0DjZgdCHQ3Cd8W0NZfxyxieTa5j4aD1tY=",
        "ref": "refs/heads/publish",
        "rev": "d75e79ec08fa1a484be1c977957968274a47c9dc",
        "revCount": 20,
        "type": "git",
        "url": "ssh://forgejo@ssh.git.moonythm.dev/starlitcanopy/glass-maps.git"
      },
      "original": {
        "type": "git",
        "url": "ssh://forgejo@ssh.git.moonythm.dev/starlitcanopy/glass-maps.git"
      }
    },
    "nixpkgs": {
      "locked": {
        "lastModified": 1754214453,
        "narHash": "sha256-Q/I2xJn/j1wpkGhWkQnm20nShYnG7TI99foDBpXm1SY=",
        "owner": "nixos",
        "repo": "nixpkgs",
        "rev": "5b09dc45f24cf32316283e62aec81ffee3c3e376",
        "type": "github"
      },
      "original": {
        "owner": "nixos",
        "ref": "nixos-unstable",
        "repo": "nixpkgs",
        "type": "github"
      }
    },
    "root": {
      "inputs": {
        "arcaea-ptt-data": "arcaea-ptt-data",
        "flake-utils": "flake-utils",
        "glass-maps": "glass-maps",
        "nixpkgs": "nixpkgs",
        "shimmeringdarkness": "shimmeringdarkness",
        "shimmeringvoid": "shimmeringvoid"
      }
    },
    "shimmeringdarkness": {
      "flake": false,
      "locked": {
        "lastModified": 1753698968,
        "narHash": "sha256-S0NSaDh9vZMJ80XAH0UHlMv3HOUqpjuEKdmJ6UkEUbo=",
        "ref": "refs/heads/main",
        "rev": "6b9fdbd4c5bf8306513f1378d98f44919a47c7d6",
        "revCount": 4,
        "type": "git",
        "url": "ssh://forgejo@ssh.git.moonythm.dev/prescientmoon/shimmeringdarkness.git"
      },
      "original": {
        "type": "git",
        "url": "ssh://forgejo@ssh.git.moonythm.dev/prescientmoon/shimmeringdarkness.git"
      }
    },
    "shimmeringvoid": {
      "flake": false,
      "locked": {
        "lastModified": 1753698903,
        "narHash": "sha256-HkXtqvJYFVzhTECrAmZy42Rc5HU2F9mJ9UqFnuLrfb4=",
        "ref": "refs/heads/main",
        "rev": "9fb883fb729f4ee2267fc7a6f19041a54e9790da",
        "revCount": 18,
        "type": "git",
        "url": "ssh://forgejo@ssh.git.moonythm.dev/prescientmoon/shimmeringvoid.git"
      },
      "original": {
        "type": "git",
        "url": "ssh://forgejo@ssh.git.moonythm.dev/prescientmoon/shimmeringvoid.git"
      }
    },
    "systems": {
      "locked": {
        "lastModified": 1681028828,
        "narHash": "sha256-Vy1rq5AaRuLzOxct8nz4T6wlgyUR7zLU309k9mBC768=",
        "owner": "nix-systems",
        "repo": "default",
        "rev": "da67096a3b9bf56a91d16901293e51ba5b49a27e",
        "type": "github"
      },
      "original": {
        "owner": "nix-systems",
        "repo": "default",
        "type": "github"
      }
    }
  },
  "root": "root",
  "version": 7
}
