{
  "nodes": {
    "arcaea-ptt-data": {
      "flake": false,
      "locked": {
        "lastModified": 1763813977,
        "narHash": "sha256-C/0myI3YgLwo0wRSnXn0s5ck5L5yBTpcGiKKCnGzHZY=",
        "owner": "OllyDoge",
        "repo": "ASCPSongConstant",
        "rev": "54bb2ac02ee2d132eac1b198f970066ec07aa6b7",
        "type": "github"
      },
      "original": {
        "owner": "OllyDoge",
        "repo": "ASCPSongConstant",
        "type": "github"
      }
    },
    "flake-utils": {
      "inputs": {
        "systems": "systems"
      },
      "locked": {
        "lastModified": 1710146030,
        "narHash": "sha256-SZ5L6eA7HJ/nmkzGG7/ISclqe6oZdOZTNoesiInkXPQ=",
        "owner": "numtide",
        "repo": "flake-utils",
        "rev": "b1d9ab70662946ef0850d488da1c9019f3a9752a",
        "type": "github"
      },
      "original": {
        "owner": "numtide",
        "repo": "flake-utils",
        "type": "github"
      }
    },
    "glass-maps": {
      "flake": false,
      "locked": {
        "lastModified": 1759837422,
        "narHash": "sha256-qPJwLud5ujDXbR8+2odZk5aZr5F96i/MDzdtibDXML8=",
        "ref": "refs/heads/publish",
        "rev": "018006e6598afef8e9313d0cd87eb14d1066b96b",
        "revCount": 22,
        "type": "git",
        "url": "ssh://forgejo@ssh.git.moonythm.dev/starlitcanopy/glass-maps.git"
      },
      "original": {
        "type": "git",
        "url": "ssh://forgejo@ssh.git.moonythm.dev/starlitcanopy/glass-maps.git"
      }
    },
    "nixpkgs": {
      "locked": {
        "lastModified": 1762363567,
        "narHash": "sha256-YRqMDEtSMbitIMj+JLpheSz0pwEr0Rmy5mC7myl17xs=",
        "owner": "nixos",
        "repo": "nixpkgs",
        "rev": "ae814fd3904b621d8ab97418f1d0f2eb0d3716f4",
        "type": "github"
      },
      "original": {
        "owner": "nixos",
        "ref": "nixos-unstable",
        "repo": "nixpkgs",
        "type": "github"
      }
    },
    "root": {
      "inputs": {
        "arcaea-ptt-data": "arcaea-ptt-data",
        "flake-utils": "flake-utils",
        "glass-maps": "glass-maps",
        "nixpkgs": "nixpkgs",
        "shimmeringdarkness": "shimmeringdarkness",
        "shimmeringvoid": "shimmeringvoid"
      }
    },
    "shimmeringdarkness": {
      "flake": false,
      "locked": {
        "lastModified": 1753698968,
        "narHash": "sha256-S0NSaDh9vZMJ80XAH0UHlMv3HOUqpjuEKdmJ6UkEUbo=",
        "ref": "refs/heads/main",
        "rev": "6b9fdbd4c5bf8306513f1378d98f44919a47c7d6",
        "revCount": 4,
        "type": "git",
        "url": "ssh://forgejo@ssh.git.moonythm.dev/prescientmoon/shimmeringdarkness.git"
      },
      "original": {
        "type": "git",
        "url": "ssh://forgejo@ssh.git.moonythm.dev/prescientmoon/shimmeringdarkness.git"
      }
    },
    "shimmeringvoid": {
      "flake": false,
      "locked": {
        "lastModified": 1764093536,
        "narHash": "sha256-AB4xXuTG1dG2QC66493J3E7SMcuSGwAvR9QTvKJarws=",
        "ref": "refs/heads/main",
        "rev": "1e3c6bb54d8f1f83e78ea7b82d10d914ff18a724",
        "revCount": 26,
        "type": "git",
        "url": "ssh://forgejo@ssh.git.moonythm.dev/prescientmoon/shimmeringvoid.git"
      },
      "original": {
        "type": "git",
        "url": "ssh://forgejo@ssh.git.moonythm.dev/prescientmoon/shimmeringvoid.git"
      }
    },
    "systems": {
      "locked": {
        "lastModified": 1681028828,
        "narHash": "sha256-Vy1rq5AaRuLzOxct8nz4T6wlgyUR7zLU309k9mBC768=",
        "owner": "nix-systems",
        "repo": "default",
        "rev": "da67096a3b9bf56a91d16901293e51ba5b49a27e",
        "type": "github"
      },
      "original": {
        "owner": "nix-systems",
        "repo": "default",
        "type": "github"
      }
    }
  },
  "root": "root",
  "version": 7
}
